// !$*UTF8*$!
{
	archiveVersion = 1;
	classes = {
	};
	objectVersion = 50;
	objects = {

/* Begin PBXBuildFile section */
		753E721925DE7F6F00B4B8C7 /* projectVr1App.swift in Sources */ = {isa = PBXBuildFile; fileRef = 753E721825DE7F6F00B4B8C7 /* projectVr1App.swift */; };
		753E721B25DE7F6F00B4B8C7 /* ContentView.swift in Sources */ = {isa = PBXBuildFile; fileRef = 753E721A25DE7F6F00B4B8C7 /* ContentView.swift */; };
		753E721D25DE7F7000B4B8C7 /* Assets.xcassets in Resources */ = {isa = PBXBuildFile; fileRef = 753E721C25DE7F7000B4B8C7 /* Assets.xcassets */; };
		753E722025DE7F7000B4B8C7 /* Preview Assets.xcassets in Resources */ = {isa = PBXBuildFile; fileRef = 753E721F25DE7F7000B4B8C7 /* Preview Assets.xcassets */; };
		753E722925DE91A600B4B8C7 /* firstSide.swift in Sources */ = {isa = PBXBuildFile; fileRef = 753E722825DE91A600B4B8C7 /* firstSide.swift */; };
		753E722C25DEFFDF00B4B8C7 /* secondSide.swift in Sources */ = {isa = PBXBuildFile; fileRef = 753E722B25DEFFDF00B4B8C7 /* secondSide.swift */; };
		75C92BCE25DFD635006D3351 /* thirdSide.swift in Sources */ = {isa = PBXBuildFile; fileRef = 75C92BCD25DFD635006D3351 /* thirdSide.swift */; };
		75C92BD125DFD648006D3351 /* forthSide.swift in Sources */ = {isa = PBXBuildFile; fileRef = 75C92BD025DFD648006D3351 /* forthSide.swift */; };
		75C92BD425DFD66D006D3351 /* fifthSide.swift in Sources */ = {isa = PBXBuildFile; fileRef = 75C92BD325DFD66D006D3351 /* fifthSide.swift */; };
		75C92BD725DFD67B006D3351 /* sixthSide.swift in Sources */ = {isa = PBXBuildFile; fileRef = 75C92BD625DFD67B006D3351 /* sixthSide.swift */; };
/* End PBXBuildFile section */

/* Begin PBXFileReference section */
		753E721525DE7F6F00B4B8C7 /* projectVr1.app */ = {isa = PBXFileReference; explicitFileType = wrapper.application; includeInIndex = 0; path = projectVr1.app; sourceTree = BUILT_PRODUCTS_DIR; };
		753E721825DE7F6F00B4B8C7 /* projectVr1App.swift */ = {isa = PBXFileReference; lastKnownFileType = sourcecode.swift; path = projectVr1App.swift; sourceTree = "<group>"; };
		753E721A25DE7F6F00B4B8C7 /* ContentView.swift */ = {isa = PBXFileReference; lastKnownFileType = sourcecode.swift; path = ContentView.swift; sourceTree = "<group>"; };
		753E721C25DE7F7000B4B8C7 /* Assets.xcassets */ = {isa = PBXFileReference; lastKnownFileType = folder.assetcatalog; path = Assets.xcassets; sourceTree = "<group>"; };
		753E721F25DE7F7000B4B8C7 /* Preview Assets.xcassets */ = {isa = PBXFileReference; lastKnownFileType = folder.assetcatalog; path = "Preview Assets.xcassets"; sourceTree = "<group>"; };
		753E722125DE7F7000B4B8C7 /* Info.plist */ = {isa = PBXFileReference; lastKnownFileType = text.plist.xml; path = Info.plist; sourceTree = "<group>"; };
		753E722825DE91A600B4B8C7 /* firstSide.swift */ = {isa = PBXFileReference; lastKnownFileType = sourcecode.swift; path = firstSide.swift; sourceTree = "<group>"; };
		753E722B25DEFFDF00B4B8C7 /* secondSide.swift */ = {isa = PBXFileReference; lastKnownFileType = sourcecode.swift; path = secondSide.swift; sourceTree = "<group>"; };
		75C92BCD25DFD635006D3351 /* thirdSide.swift */ = {isa = PBXFileReference; lastKnownFileType = sourcecode.swift; path = thirdSide.swift; sourceTree = "<group>"; };
		75C92BD025DFD648006D3351 /* forthSide.swift */ = {isa = PBXFileReference; lastKnownFileType = sourcecode.swift; path = forthSide.swift; sourceTree = "<group>"; };
		75C92BD325DFD66D006D3351 /* fifthSide.swift */ = {isa = PBXFileReference; lastKnownFileType = sourcecode.swift; path = fifthSide.swift; sourceTree = "<group>"; };
		75C92BD625DFD67B006D3351 /* sixthSide.swift */ = {isa = PBXFileReference; lastKnownFileType = sourcecode.swift; path = sixthSide.swift; sourceTree = "<group>"; };
/* End PBXFileReference section */

/* Begin PBXFrameworksBuildPhase section */
		753E721225DE7F6F00B4B8C7 /* Frameworks */ = {
			isa = PBXFrameworksBuildPhase;
			buildActionMask = 2147483647;
			files = (
			);
			runOnlyForDeploymentPostprocessing = 0;
		};
/* End PBXFrameworksBuildPhase section */

/* Begin PBXGroup section */
		753E720C25DE7F6F00B4B8C7 = {
			isa = PBXGroup;
			children = (
				753E721725DE7F6F00B4B8C7 /* projectVr1 */,
				753E721625DE7F6F00B4B8C7 /* Products */,
			);
			sourceTree = "<group>";
		};
		753E721625DE7F6F00B4B8C7 /* Products */ = {
			isa = PBXGroup;
			children = (
				753E721525DE7F6F00B4B8C7 /* projectVr1.app */,
			);
			name = Products;
			sourceTree = "<group>";
		};
		753E721725DE7F6F00B4B8C7 /* projectVr1 */ = {
			isa = PBXGroup;
			children = (
				753E721825DE7F6F00B4B8C7 /* projectVr1App.swift */,
				753E721A25DE7F6F00B4B8C7 /* ContentView.swift */,
				753E722825DE91A600B4B8C7 /* firstSide.swift */,
				753E722B25DEFFDF00B4B8C7 /* secondSide.swift */,
				75C92BCD25DFD635006D3351 /* thirdSide.swift */,
				75C92BD025DFD648006D3351 /* forthSide.swift */,
				75C92BD325DFD66D006D3351 /* fifthSide.swift */,
				75C92BD625DFD67B006D3351 /* sixthSide.swift */,
				753E721C25DE7F7000B4B8C7 /* Assets.xcassets */,
				753E722125DE7F7000B4B8C7 /* Info.plist */,
				753E721E25DE7F7000B4B8C7 /* Preview Content */,
			);
			path = projectVr1;
			sourceTree = "<group>";
		};
		753E721E25DE7F7000B4B8C7 /* Preview Content */ = {
			isa = PBXGroup;
			children = (
				753E721F25DE7F7000B4B8C7 /* Preview Assets.xcassets */,
			);
			path = "Preview Content";
			sourceTree = "<group>";
		};
/* End PBXGroup section */

/* Begin PBXNativeTarget section */
		753E721425DE7F6F00B4B8C7 /* projectVr1 */ = {
			isa = PBXNativeTarget;
			buildConfigurationList = 753E722425DE7F7000B4B8C7 /* Build configuration list for PBXNativeTarget "projectVr1" */;
			buildPhases = (
				753E721125DE7F6F00B4B8C7 /* Sources */,
				753E721225DE7F6F00B4B8C7 /* Frameworks */,
				753E721325DE7F6F00B4B8C7 /* Resources */,
			);
			buildRules = (
			);
			dependencies = (
			);
			name = projectVr1;
			productName = projectVr1;
			productReference = 753E721525DE7F6F00B4B8C7 /* projectVr1.app */;
			productType = "com.apple.product-type.application";
		};
/* End PBXNativeTarget section */

/* Begin PBXProject section */
		753E720D25DE7F6F00B4B8C7 /* Project object */ = {
			isa = PBXProject;
			attributes = {
				LastSwiftUpdateCheck = 1240;
				LastUpgradeCheck = 1240;
				TargetAttributes = {
					753E721425DE7F6F00B4B8C7 = {
						CreatedOnToolsVersion = 12.4;
					};
				};
			};
			buildConfigurationList = 753E721025DE7F6F00B4B8C7 /* Build configuration list for PBXProject "projectVr1" */;
			compatibilityVersion = "Xcode 9.3";
			developmentRegion = en;
			hasScannedForEncodings = 0;
			knownRegions = (
				en,
				Base,
			);
			mainGroup = 753E720C25DE7F6F00B4B8C7;
			productRefGroup = 753E721625DE7F6F00B4B8C7 /* Products */;
			projectDirPath = "";
			projectRoot = "";
			targets = (
				753E721425DE7F6F00B4B8C7 /* projectVr1 */,
			);
		};
/* End PBXProject section */

/* Begin PBXResourcesBuildPhase section */
		753E721325DE7F6F00B4B8C7 /* Resources */ = {
			isa = PBXResourcesBuildPhase;
			buildActionMask = 2147483647;
			files = (
				753E722025DE7F7000B4B8C7 /* Preview Assets.xcassets in Resources */,
				753E721D25DE7F7000B4B8C7 /* Assets.xcassets in Resources */,
			);
			runOnlyForDeploymentPostprocessing = 0;
		};
/* End PBXResourcesBuildPhase section */

/* Begin PBXSourcesBuildPhase section */
		753E721125DE7F6F00B4B8C7 /* Sources */ = {
			isa = PBXSourcesBuildPhase;
			buildActionMask = 2147483647;
			files = (
				75C92BD125DFD648006D3351 /* forthSide.swift in Sources */,
				753E722C25DEFFDF00B4B8C7 /* secondSide.swift in Sources */,
				753E721B25DE7F6F00B4B8C7 /* ContentView.swift in Sources */,
				75C92BCE25DFD635006D3351 /* thirdSide.swift in Sources */,
				753E722925DE91A600B4B8C7 /* firstSide.swift in Sources */,
				753E721925DE7F6F00B4B8C7 /* projectVr1App.swift in Sources */,
				75C92BD425DFD66D006D3351 /* fifthSide.swift in Sources */,
				75C92BD725DFD67B006D3351 /* sixthSide.swift in Sources */,
			);
			runOnlyForDeploymentPostprocessing = 0;
		};
/* End PBXSourcesBuildPhase section */

/* Begin XCBuildConfiguration section */
		753E722225DE7F7000B4B8C7 /* Debug */ = {
			isa = XCBuildConfiguration;
			buildSettings = {
				ALWAYS_SEARCH_USER_PATHS = NO;
				CLANG_ANALYZER_NONNULL = YES;
				CLANG_ANALYZER_NUMBER_OBJECT_CONVERSION = YES_AGGRESSIVE;
				CLANG_CXX_LANGUAGE_STANDARD = "gnu++14";
				CLANG_CXX_LIBRARY = "libc++";
				CLANG_ENABLE_MODULES = YES;
				CLANG_ENABLE_OBJC_ARC = YES;
				CLANG_ENABLE_OBJC_WEAK = YES;
				CLANG_WARN_BLOCK_CAPTURE_AUTORELEASING = YES;
				CLANG_WARN_BOOL_CONVERSION = YES;
				CLANG_WARN_COMMA = YES;
				CLANG_WARN_CONSTANT_CONVERSION = YES;
				CLANG_WARN_DEPRECATED_OBJC_IMPLEMENTATIONS = YES;
				CLANG_WARN_DIRECT_OBJC_ISA_USAGE = YES_ERROR;
				CLANG_WARN_DOCUMENTATION_COMMENTS = YES;
				CLANG_WARN_EMPTY_BODY = YES;
				CLANG_WARN_ENUM_CONVERSION = YES;
				CLANG_WARN_INFINITE_RECURSION = YES;
				CLANG_WARN_INT_CONVERSION = YES;
				CLANG_WARN_NON_LITERAL_NULL_CONVERSION = YES;
				CLANG_WARN_OBJC_IMPLICIT_RETAIN_SELF = YES;
				CLANG_WARN_OBJC_LITERAL_CONVERSION = YES;
				CLANG_WARN_OBJC_ROOT_CLASS = YES_ERROR;
				CLANG_WARN_QUOTED_INCLUDE_IN_FRAMEWORK_HEADER = YES;
				CLANG_WARN_RANGE_LOOP_ANALYSIS = YES;
				CLANG_WARN_STRICT_PROTOTYPES = YES;
				CLANG_WARN_SUSPICIOUS_MOVE = YES;
				CLANG_WARN_UNGUARDED_AVAILABILITY = YES_AGGRESSIVE;
				CLANG_WARN_UNREACHABLE_CODE = YES;
				CLANG_WARN__DUPLICATE_METHOD_MATCH = YES;
				COPY_PHASE_STRIP = NO;
				DEBUG_INFORMATION_FORMAT = dwarf;
				ENABLE_STRICT_OBJC_MSGSEND = YES;
				ENABLE_TESTABILITY = YES;
				GCC_C_LANGUAGE_STANDARD = gnu11;
				GCC_DYNAMIC_NO_PIC = NO;
				GCC_NO_COMMON_BLOCKS = YES;
				GCC_OPTIMIZATION_LEVEL = 0;
				GCC_PREPROCESSOR_DEFINITIONS = (
					"DEBUG=1",
					"$(inherited)",
				);
				GCC_WARN_64_TO_32_BIT_CONVERSION = YES;
				GCC_WARN_ABOUT_RETURN_TYPE = YES_ERROR;
				GCC_WARN_UNDECLARED_SELECTOR = YES;
				GCC_WARN_UNINITIALIZED_AUTOS = YES_AGGRESSIVE;
				GCC_WARN_UNUSED_FUNCTION = YES;
				GCC_WARN_UNUSED_VARIABLE = YES;
				IPHONEOS_DEPLOYMENT_TARGET = 14.4;
				MTL_ENABLE_DEBUG_INFO = INCLUDE_SOURCE;
				MTL_FAST_MATH = YES;
				ONLY_ACTIVE_ARCH = YES;
				SDKROOT = iphoneos;
				SWIFT_ACTIVE_COMPILATION_CONDITIONS = DEBUG;
				SWIFT_OPTIMIZATION_LEVEL = "-Onone";
			};
			name = Debug;
		};
		753E722325DE7F7000B4B8C7 /* Release */ = {
			isa = XCBuildConfiguration;
			buildSettings = {
				ALWAYS_SEARCH_USER_PATHS = NO;
				CLANG_ANALYZER_NONNULL = YES;
				CLANG_ANALYZER_NUMBER_OBJECT_CONVERSION = YES_AGGRESSIVE;
				CLANG_CXX_LANGUAGE_STANDARD = "gnu++14";
				CLANG_CXX_LIBRARY = "libc++";
				CLANG_ENABLE_MODULES = YES;
				CLANG_ENABLE_OBJC_ARC = YES;
				CLANG_ENABLE_OBJC_WEAK = YES;
				CLANG_WARN_BLOCK_CAPTURE_AUTORELEASING = YES;
				CLANG_WARN_BOOL_CONVERSION = YES;
				CLANG_WARN_COMMA = YES;
				CLANG_WARN_CONSTANT_CONVERSION = YES;
				CLANG_WARN_DEPRECATED_OBJC_IMPLEMENTATIONS = YES;
				CLANG_WARN_DIRECT_OBJC_ISA_USAGE = YES_ERROR;
				CLANG_WARN_DOCUMENTATION_COMMENTS = YES;
				CLANG_WARN_EMPTY_BODY = YES;
				CLANG_WARN_ENUM_CONVERSION = YES;
				CLANG_WARN_INFINITE_RECURSION = YES;
				CLANG_WARN_INT_CONVERSION = YES;
				CLANG_WARN_NON_LITERAL_NULL_CONVERSION = YES;
				CLANG_WARN_OBJC_IMPLICIT_RETAIN_SELF = YES;
				CLANG_WARN_OBJC_LITERAL_CONVERSION = YES;
				CLANG_WARN_OBJC_ROOT_CLASS = YES_ERROR;
				CLANG_WARN_QUOTED_INCLUDE_IN_FRAMEWORK_HEADER = YES;
				CLANG_WARN_RANGE_LOOP_ANALYSIS = YES;
				CLANG_WARN_STRICT_PROTOTYPES = YES;
				CLANG_WARN_SUSPICIOUS_MOVE = YES;
				CLANG_WARN_UNGUARDED_AVAILABILITY = YES_AGGRESSIVE;
				CLANG_WARN_UNREACHABLE_CODE = YES;
				CLANG_WARN__DUPLICATE_METHOD_MATCH = YES;
				COPY_PHASE_STRIP = NO;
				DEBUG_INFORMATION_FORMAT = "dwarf-with-dsym";
				ENABLE_NS_ASSERTIONS = NO;
				ENABLE_STRICT_OBJC_MSGSEND = YES;
				GCC_C_LANGUAGE_STANDARD = gnu11;
				GCC_NO_COMMON_BLOCKS = YES;
				GCC_WARN_64_TO_32_BIT_CONVERSION = YES;
				GCC_WARN_ABOUT_RETURN_TYPE = YES_ERROR;
				GCC_WARN_UNDECLARED_SELECTOR = YES;
				GCC_WARN_UNINITIALIZED_AUTOS = YES_AGGRESSIVE;
				GCC_WARN_UNUSED_FUNCTION = YES;
				GCC_WARN_UNUSED_VARIABLE = YES;
				IPHONEOS_DEPLOYMENT_TARGET = 14.4;
				MTL_ENABLE_DEBUG_INFO = NO;
				MTL_FAST_MATH = YES;
				SDKROOT = iphoneos;
				SWIFT_COMPILATION_MODE = wholemodule;
				SWIFT_OPTIMIZATION_LEVEL = "-O";
				VALIDATE_PRODUCT = YES;
			};
			name = Release;
		};
		753E722525DE7F7000B4B8C7 /* Debug */ = {
			isa = XCBuildConfiguration;
			buildSettings = {
				ASSETCATALOG_COMPILER_APPICON_NAME = AppIcon;
				ASSETCATALOG_COMPILER_GLOBAL_ACCENT_COLOR_NAME = AccentColor;
				CODE_SIGN_STYLE = Automatic;
				DEVELOPMENT_ASSET_PATHS = "\"projectVr1/Preview Content\"";
				DEVELOPMENT_TEAM = M7D9YLY8HS;
				ENABLE_PREVIEWS = YES;
				INFOPLIST_FILE = projectVr1/Info.plist;
				IPHONEOS_DEPLOYMENT_TARGET = 14.0;
				LD_RUNPATH_SEARCH_PATHS = (
					"$(inherited)",
					"@executable_path/Frameworks",
				);
				PRODUCT_BUNDLE_IDENTIFIER = com.ElikaAndRieProject.projectVr1;
				PRODUCT_NAME = "$(TARGET_NAME)";
				SWIFT_VERSION = 5.0;
				TARGETED_DEVICE_FAMILY = "1,2";
			};
			name = Debug;
		};
		753E722625DE7F7000B4B8C7 /* Release */ = {
			isa = XCBuildConfiguration;
			buildSettings = {
				ASSETCATALOG_COMPILER_APPICON_NAME = AppIcon;
				ASSETCATALOG_COMPILER_GLOBAL_ACCENT_COLOR_NAME = AccentColor;
				CODE_SIGN_STYLE = Automatic;
				DEVELOPMENT_ASSET_PATHS = "\"projectVr1/Preview Content\"";
				DEVELOPMENT_TEAM = M7D9YLY8HS;
				ENABLE_PREVIEWS = YES;
				INFOPLIST_FILE = projectVr1/Info.plist;
				IPHONEOS_DEPLOYMENT_TARGET = 14.0;
				LD_RUNPATH_SEARCH_PATHS = (
					"$(inherited)",
					"@executable_path/Frameworks",
				);
				PRODUCT_BUNDLE_IDENTIFIER = com.ElikaAndRieProject.projectVr1;
				PRODUCT_NAME = "$(TARGET_NAME)";
				SWIFT_VERSION = 5.0;
				TARGETED_DEVICE_FAMILY = "1,2";
			};
			name = Release;
		};
/* End XCBuildConfiguration section */

/* Begin XCConfigurationList section */
		753E721025DE7F6F00B4B8C7 /* Build configuration list for PBXProject "projectVr1" */ = {
			isa = XCConfigurationList;
			buildConfigurations = (
				753E722225DE7F7000B4B8C7 /* Debug */,
				753E722325DE7F7000B4B8C7 /* Release */,
			);
			defaultConfigurationIsVisible = 0;
			defaultConfigurationName = Release;
		};
		753E722425DE7F7000B4B8C7 /* Build configuration list for PBXNativeTarget "projectVr1" */ = {
			isa = XCConfigurationList;
			buildConfigurations = (
				753E722525DE7F7000B4B8C7 /* Debug */,
				753E722625DE7F7000B4B8C7 /* Release */,
			);
			defaultConfigurationIsVisible = 0;
			defaultConfigurationName = Release;
		};
/* End XCConfigurationList section */
	};
	rootObject = 753E720D25DE7F6F00B4B8C7 /* Project object */;
}
